
Microsoft Visual Studio Solution File, Format Version 12.00
# Visual Studio Version 16
VisualStudioVersion = 16.0.30011.22
MinimumVisualStudioVersion = 10.0.40219.1
Project("{FAE04EC0-301F-11D3-BF4B-00C04F79EFBC}") = "Exercicio_composicao_netcore", "Exercicio_composicao_netcore\Exercicio_composicao_netcore.csproj", "{782E8D65-3776-4439-8489-0325869DB107}"
EndProject
Global
	GlobalSection(SolutionConfigurationPlatforms) = preSolution
		Debug|Any CPU = Debug|Any CPU
		Release|Any CPU = Release|Any CPU
	EndGlobalSection
	GlobalSection(ProjectConfigurationPlatforms) = postSolution
		{782E8D65-3776-4439-8489-0325869DB107}.Debug|Any CPU.ActiveCfg = Debug|Any CPU
		{782E8D65-3776-4439-8489-0325869DB107}.Debug|Any CPU.Build.0 = Debug|Any CPU
		{782E8D65-3776-4439-8489-0325869DB107}.Release|Any CPU.ActiveCfg = Release|Any CPU
		{782E8D65-3776-4439-8489-0325869DB107}.Release|Any CPU.Build.0 = Release|Any CPU
	EndGlobalSection
	GlobalSection(SolutionProperties) = preSolution
		HideSolutionNode = FALSE
	EndGlobalSection
	GlobalSection(ExtensibilityGlobals) = postSolution
		SolutionGuid = {253BF3C4-B884-4DC4-94F4-686276463581}
	EndGlobalSection
EndGlobal
